// SPA.cpp : Defines the entry point for the console application.
//Program Name:Math Tutor
//Name: Trevor Troxel
//Date: 9/19/17
//Class and section: CS-1, 2.11

//#include "stdafx.h"
#include <iostream>
#include <string>
using namespace std;

int main()
{
	string name, a;
	cout << ("Welcome to the Math Tutor.\n") << endl;
	cout << ("This is where you learn subject that you just don't get in school\n") << endl;
	cout << ("We teach things from basic level math to higher levels of math\n") << endl;
	cout << ("What is your name?") << endl;
	cin >> name;
	cout << ("Nice to meet you ") << name << endl;
	cout << "What would like to learn?\n";
	cout << ("a. Adding") << endl;
	cout << ("b. Subtracting") << endl;
	cout << ("c. Multiply") << endl;
	cout << ("d. Divide") << endl;
	
	cout << ("What is the answer to x when 14x + 7 = 0?") << endl;
	cout << ("a. 0.5") << endl;
	cout << ("b. 0.05") << endl;
	cout << ("c. 0.005") << endl;
	cout << ("d. 0.0005") << endl;
	cin >> a;
	cout << ("Your answer is: ") << a << endl;
	cout << ("The correct answer is A") << endl;
	//cout << ("From + to -, to x to /, to even more functions\n");
	return 0;
}
